# THIS IS AN AUTOGENERATED FILE. DO NOT EDIT THIS FILE DIRECTLY.
# yarn lockfile v1


object-assign@^4.1.1:
  version "4.1.1"
  resolved "https://registry.yarnpkg.com/object-assign/-/object-assign-4.1.1.tgz#2109adc7965887cfc05cbbd442cac8bfbb360863"
  integrity sha1-IQmtx5ZYh8/AXLvUQsrIv7s2CGM=

octicons@^8.2.0:
  version "8.2.0"
  resolved "https://registry.yarnpkg.com/octicons/-/octicons-8.2.0.tgz#cf077d62442248c1c54d1b00df3b19913d47f29d"
  integrity sha512-m8qID8+tU9ETSwaHVWq8Z9Nv8dW08sPGpSuV1nyf8ziG3EdE7phUOxwW+ev5saeY9UnwwFCaHsE8ymZFq6vhDQ==
  dependencies:
    object-assign "^4.1.1"
